// !$*UTF8*$!
{
	archiveVersion = 1;
	classes = {
	};
	objectVersion = 46;
	objects = {

/* Begin PBXBuildFile section */
		6C97139B15627840008BD7A0 /* PatientDetails.sqlite in Resources */ = {isa = PBXBuildFile; fileRef = 6C97139A15627840008BD7A0 /* PatientDetails.sqlite */; };
		6C97139E1562785A008BD7A0 /* libsqlite3.0.dylib in Frameworks */ = {isa = PBXBuildFile; fileRef = 6C97139D1562785A008BD7A0 /* libsqlite3.0.dylib */; };
		6CA058C3156399680060F37E /* BedStatus.sqlite in Resources */ = {isa = PBXBuildFile; fileRef = 6CA058C2156399680060F37E /* BedStatus.sqlite */; };
		6CF3B29C156239BA00C1320B /* UIKit.framework in Frameworks */ = {isa = PBXBuildFile; fileRef = 6CF3B29B156239BA00C1320B /* UIKit.framework */; };
		6CF3B29E156239BA00C1320B /* Foundation.framework in Frameworks */ = {isa = PBXBuildFile; fileRef = 6CF3B29D156239BA00C1320B /* Foundation.framework */; };
		6CF3B2A0156239BA00C1320B /* CoreGraphics.framework in Frameworks */ = {isa = PBXBuildFile; fileRef = 6CF3B29F156239BA00C1320B /* CoreGraphics.framework */; };
		6CF3B2A6156239BA00C1320B /* InfoPlist.strings in Resources */ = {isa = PBXBuildFile; fileRef = 6CF3B2A4156239BA00C1320B /* InfoPlist.strings */; };
		6CF3B2A8156239BA00C1320B /* main.m in Sources */ = {isa = PBXBuildFile; fileRef = 6CF3B2A7156239BA00C1320B /* main.m */; };
		6CF3B2AC156239BA00C1320B /* AppDelegate.m in Sources */ = {isa = PBXBuildFile; fileRef = 6CF3B2AB156239BA00C1320B /* AppDelegate.m */; };
		6CF3B2AF156239BA00C1320B /* ViewController.m in Sources */ = {isa = PBXBuildFile; fileRef = 6CF3B2AE156239BA00C1320B /* ViewController.m */; };
		6CF3B2B2156239BA00C1320B /* ViewController.xib in Resources */ = {isa = PBXBuildFile; fileRef = 6CF3B2B0156239BA00C1320B /* ViewController.xib */; };
		6CF3B2BA156239BA00C1320B /* SenTestingKit.framework in Frameworks */ = {isa = PBXBuildFile; fileRef = 6CF3B2B9156239BA00C1320B /* SenTestingKit.framework */; };
		6CF3B2BB156239BA00C1320B /* UIKit.framework in Frameworks */ = {isa = PBXBuildFile; fileRef = 6CF3B29B156239BA00C1320B /* UIKit.framework */; };
		6CF3B2BC156239BA00C1320B /* Foundation.framework in Frameworks */ = {isa = PBXBuildFile; fileRef = 6CF3B29D156239BA00C1320B /* Foundation.framework */; };
		6CF3B2C4156239BA00C1320B /* InfoPlist.strings in Resources */ = {isa = PBXBuildFile; fileRef = 6CF3B2C2156239BA00C1320B /* InfoPlist.strings */; };
		6CF3B2C7156239BA00C1320B /* HospitalBedManagementTests.m in Sources */ = {isa = PBXBuildFile; fileRef = 6CF3B2C6156239BA00C1320B /* HospitalBedManagementTests.m */; };
		6CF3B2D815623B0B00C1320B /* 1.jpg in Resources */ = {isa = PBXBuildFile; fileRef = 6CF3B2D715623B0B00C1320B /* 1.jpg */; };
		6CF3B342156257BA00C1320B /* HospitalBed.m in Sources */ = {isa = PBXBuildFile; fileRef = 6CF3B340156257BA00C1320B /* HospitalBed.m */; };
		6CF3B343156257BA00C1320B /* HospitalBed.xib in Resources */ = {isa = PBXBuildFile; fileRef = 6CF3B341156257BA00C1320B /* HospitalBed.xib */; };
		6CF3B34B15625EA100C1320B /* Patient.m in Sources */ = {isa = PBXBuildFile; fileRef = 6CF3B34915625EA100C1320B /* Patient.m */; };
		6CF3B34C15625EA100C1320B /* Patient.xib in Resources */ = {isa = PBXBuildFile; fileRef = 6CF3B34A15625EA100C1320B /* Patient.xib */; };
/* End PBXBuildFile section */

/* Begin PBXContainerItemProxy section */
		6CF3B2BD156239BA00C1320B /* PBXContainerItemProxy */ = {
			isa = PBXContainerItemProxy;
			containerPortal = 6CF3B28E156239BA00C1320B /* Project object */;
			proxyType = 1;
			remoteGlobalIDString = 6CF3B296156239BA00C1320B;
			remoteInfo = HospitalBedManagement;
		};
/* End PBXContainerItemProxy section */

/* Begin PBXFileReference section */
		6C97139A15627840008BD7A0 /* PatientDetails.sqlite */ = {isa = PBXFileReference; lastKnownFileType = file; path = PatientDetails.sqlite; sourceTree = "<group>"; };
		6C97139D1562785A008BD7A0 /* libsqlite3.0.dylib */ = {isa = PBXFileReference; lastKnownFileType = "compiled.mach-o.dylib"; name = libsqlite3.0.dylib; path = usr/lib/libsqlite3.0.dylib; sourceTree = SDKROOT; };
		6CA058C2156399680060F37E /* BedStatus.sqlite */ = {isa = PBXFileReference; lastKnownFileType = file; path = BedStatus.sqlite; sourceTree = "<group>"; };
		6CF3B297156239BA00C1320B /* HospitalBedManagement.app */ = {isa = PBXFileReference; explicitFileType = wrapper.application; includeInIndex = 0; path = HospitalBedManagement.app; sourceTree = BUILT_PRODUCTS_DIR; };
		6CF3B29B156239BA00C1320B /* UIKit.framework */ = {isa = PBXFileReference; lastKnownFileType = wrapper.framework; name = UIKit.framework; path = System/Library/Frameworks/UIKit.framework; sourceTree = SDKROOT; };
		6CF3B29D156239BA00C1320B /* Foundation.framework */ = {isa = PBXFileReference; lastKnownFileType = wrapper.framework; name = Foundation.framework; path = System/Library/Frameworks/Foundation.framework; sourceTree = SDKROOT; };
		6CF3B29F156239BA00C1320B /* CoreGraphics.framework */ = {isa = PBXFileReference; lastKnownFileType = wrapper.framework; name = CoreGraphics.framework; path = System/Library/Frameworks/CoreGraphics.framework; sourceTree = SDKROOT; };
		6CF3B2A3156239BA00C1320B /* HospitalBedManagement-Info.plist */ = {isa = PBXFileReference; lastKnownFileType = text.plist.xml; path = "HospitalBedManagement-Info.plist"; sourceTree = "<group>"; };
		6CF3B2A5156239BA00C1320B /* en */ = {isa = PBXFileReference; lastKnownFileType = text.plist.strings; name = en; path = en.lproj/InfoPlist.strings; sourceTree = "<group>"; };
		6CF3B2A7156239BA00C1320B /* main.m */ = {isa = PBXFileReference; lastKnownFileType = sourcecode.c.objc; path = main.m; sourceTree = "<group>"; };
		6CF3B2A9156239BA00C1320B /* HospitalBedManagement-Prefix.pch */ = {isa = PBXFileReference; lastKnownFileType = sourcecode.c.h; path = "HospitalBedManagement-Prefix.pch"; sourceTree = "<group>"; };
		6CF3B2AA156239BA00C1320B /* AppDelegate.h */ = {isa = PBXFileReference; lastKnownFileType = sourcecode.c.h; path = AppDelegate.h; sourceTree = "<group>"; };
		6CF3B2AB156239BA00C1320B /* AppDelegate.m */ = {isa = PBXFileReference; lastKnownFileType = sourcecode.c.objc; path = AppDelegate.m; sourceTree = "<group>"; };
		6CF3B2AD156239BA00C1320B /* ViewController.h */ = {isa = PBXFileReference; lastKnownFileType = sourcecode.c.h; path = ViewController.h; sourceTree = "<group>"; };
		6CF3B2AE156239BA00C1320B /* ViewController.m */ = {isa = PBXFileReference; lastKnownFileType = sourcecode.c.objc; path = ViewController.m; sourceTree = "<group>"; };
		6CF3B2B1156239BA00C1320B /* en */ = {isa = PBXFileReference; lastKnownFileType = file.xib; name = en; path = en.lproj/ViewController.xib; sourceTree = "<group>"; };
		6CF3B2B8156239BA00C1320B /* HospitalBedManagementTests.octest */ = {isa = PBXFileReference; explicitFileType = wrapper.cfbundle; includeInIndex = 0; path = HospitalBedManagementTests.octest; sourceTree = BUILT_PRODUCTS_DIR; };
		6CF3B2B9156239BA00C1320B /* SenTestingKit.framework */ = {isa = PBXFileReference; lastKnownFileType = wrapper.framework; name = SenTestingKit.framework; path = Library/Frameworks/SenTestingKit.framework; sourceTree = DEVELOPER_DIR; };
		6CF3B2C1156239BA00C1320B /* HospitalBedManagementTests-Info.plist */ = {isa = PBXFileReference; lastKnownFileType = text.plist.xml; path = "HospitalBedManagementTests-Info.plist"; sourceTree = "<group>"; };
		6CF3B2C3156239BA00C1320B /* en */ = {isa = PBXFileReference; lastKnownFileType = text.plist.strings; name = en; path = en.lproj/InfoPlist.strings; sourceTree = "<group>"; };
		6CF3B2C5156239BA00C1320B /* HospitalBedManagementTests.h */ = {isa = PBXFileReference; lastKnownFileType = sourcecode.c.h; path = HospitalBedManagementTests.h; sourceTree = "<group>"; };
		6CF3B2C6156239BA00C1320B /* HospitalBedManagementTests.m */ = {isa = PBXFileReference; lastKnownFileType = sourcecode.c.objc; path = HospitalBedManagementTests.m; sourceTree = "<group>"; };
		6CF3B2D715623B0B00C1320B /* 1.jpg */ = {isa = PBXFileReference; lastKnownFileType = image.jpeg; path = 1.jpg; sourceTree = "<group>"; };
		6CF3B33F156257BA00C1320B /* HospitalBed.h */ = {isa = PBXFileReference; fileEncoding = 4; lastKnownFileType = sourcecode.c.h; path = HospitalBed.h; sourceTree = "<group>"; };
		6CF3B340156257BA00C1320B /* HospitalBed.m */ = {isa = PBXFileReference; fileEncoding = 4; lastKnownFileType = sourcecode.c.objc; path = HospitalBed.m; sourceTree = "<group>"; };
		6CF3B341156257BA00C1320B /* HospitalBed.xib */ = {isa = PBXFileReference; fileEncoding = 4; lastKnownFileType = file.xib; path = HospitalBed.xib; sourceTree = "<group>"; };
		6CF3B34815625EA100C1320B /* Patient.h */ = {isa = PBXFileReference; fileEncoding = 4; lastKnownFileType = sourcecode.c.h; path = Patient.h; sourceTree = "<group>"; };
		6CF3B34915625EA100C1320B /* Patient.m */ = {isa = PBXFileReference; fileEncoding = 4; lastKnownFileType = sourcecode.c.objc; path = Patient.m; sourceTree = "<group>"; };
		6CF3B34A15625EA100C1320B /* Patient.xib */ = {isa = PBXFileReference; fileEncoding = 4; lastKnownFileType = file.xib; path = Patient.xib; sourceTree = "<group>"; };
/* End PBXFileReference section */

/* Begin PBXFrameworksBuildPhase section */
		6CF3B294156239BA00C1320B /* Frameworks */ = {
			isa = PBXFrameworksBuildPhase;
			buildActionMask = 2147483647;
			files = (
				6C97139E1562785A008BD7A0 /* libsqlite3.0.dylib in Frameworks */,
				6CF3B29C156239BA00C1320B /* UIKit.framework in Frameworks */,
				6CF3B29E156239BA00C1320B /* Foundation.framework in Frameworks */,
				6CF3B2A0156239BA00C1320B /* CoreGraphics.framework in Frameworks */,
			);
			runOnlyForDeploymentPostprocessing = 0;
		};
		6CF3B2B4156239BA00C1320B /* Frameworks */ = {
			isa = PBXFrameworksBuildPhase;
			buildActionMask = 2147483647;
			files = (
				6CF3B2BA156239BA00C1320B /* SenTestingKit.framework in Frameworks */,
				6CF3B2BB156239BA00C1320B /* UIKit.framework in Frameworks */,
				6CF3B2BC156239BA00C1320B /* Foundation.framework in Frameworks */,
			);
			runOnlyForDeploymentPostprocessing = 0;
		};
/* End PBXFrameworksBuildPhase section */

/* Begin PBXGroup section */
		6CF3B28C156239BA00C1320B = {
			isa = PBXGroup;
			children = (
				6CA058C2156399680060F37E /* BedStatus.sqlite */,
				6C97139D1562785A008BD7A0 /* libsqlite3.0.dylib */,
				6C97139A15627840008BD7A0 /* PatientDetails.sqlite */,
				6CF3B34815625EA100C1320B /* Patient.h */,
				6CF3B34915625EA100C1320B /* Patient.m */,
				6CF3B34A15625EA100C1320B /* Patient.xib */,
				6CF3B33F156257BA00C1320B /* HospitalBed.h */,
				6CF3B340156257BA00C1320B /* HospitalBed.m */,
				6CF3B341156257BA00C1320B /* HospitalBed.xib */,
				6CF3B2D715623B0B00C1320B /* 1.jpg */,
				6CF3B2A1156239BA00C1320B /* HospitalBedManagement */,
				6CF3B2BF156239BA00C1320B /* HospitalBedManagementTests */,
				6CF3B29A156239BA00C1320B /* Frameworks */,
				6CF3B298156239BA00C1320B /* Products */,
			);
			sourceTree = "<group>";
		};
		6CF3B298156239BA00C1320B /* Products */ = {
			isa = PBXGroup;
			children = (
				6CF3B297156239BA00C1320B /* HospitalBedManagement.app */,
				6CF3B2B8156239BA00C1320B /* HospitalBedManagementTests.octest */,
			);
			name = Products;
			sourceTree = "<group>";
		};
		6CF3B29A156239BA00C1320B /* Frameworks */ = {
			isa = PBXGroup;
			children = (
				6CF3B29B156239BA00C1320B /* UIKit.framework */,
				6CF3B29D156239BA00C1320B /* Foundation.framework */,
				6CF3B29F156239BA00C1320B /* CoreGraphics.framework */,
				6CF3B2B9156239BA00C1320B /* SenTestingKit.framework */,
			);
			name = Frameworks;
			sourceTree = "<group>";
		};
		6CF3B2A1156239BA00C1320B /* HospitalBedManagement */ = {
			isa = PBXGroup;
			children = (
				6CF3B2AA156239BA00C1320B /* AppDelegate.h */,
				6CF3B2AB156239BA00C1320B /* AppDelegate.m */,
				6CF3B2AD156239BA00C1320B /* ViewController.h */,
				6CF3B2AE156239BA00C1320B /* ViewController.m */,
				6CF3B2B0156239BA00C1320B /* ViewController.xib */,
				6CF3B2A2156239BA00C1320B /* Supporting Files */,
			);
			path = HospitalBedManagement;
			sourceTree = "<group>";
		};
		6CF3B2A2156239BA00C1320B /* Supporting Files */ = {
			isa = PBXGroup;
			children = (
				6CF3B2A3156239BA00C1320B /* HospitalBedManagement-Info.plist */,
				6CF3B2A4156239BA00C1320B /* InfoPlist.strings */,
				6CF3B2A7156239BA00C1320B /* main.m */,
				6CF3B2A9156239BA00C1320B /* HospitalBedManagement-Prefix.pch */,
			);
			name = "Supporting Files";
			sourceTree = "<group>";
		};
		6CF3B2BF156239BA00C1320B /* HospitalBedManagementTests */ = {
			isa = PBXGroup;
			children = (
				6CF3B2C5156239BA00C1320B /* HospitalBedManagementTests.h */,
				6CF3B2C6156239BA00C1320B /* HospitalBedManagementTests.m */,
				6CF3B2C0156239BA00C1320B /* Supporting Files */,
			);
			path = HospitalBedManagementTests;
			sourceTree = "<group>";
		};
		6CF3B2C0156239BA00C1320B /* Supporting Files */ = {
			isa = PBXGroup;
			children = (
				6CF3B2C1156239BA00C1320B /* HospitalBedManagementTests-Info.plist */,
				6CF3B2C2156239BA00C1320B /* InfoPlist.strings */,
			);
			name = "Supporting Files";
			sourceTree = "<group>";
		};
/* End PBXGroup section */

/* Begin PBXNativeTarget section */
		6CF3B296156239BA00C1320B /* HospitalBedManagement */ = {
			isa = PBXNativeTarget;
			buildConfigurationList = 6CF3B2CA156239BA00C1320B /* Build configuration list for PBXNativeTarget "HospitalBedManagement" */;
			buildPhases = (
				6CF3B293156239BA00C1320B /* Sources */,
				6CF3B294156239BA00C1320B /* Frameworks */,
				6CF3B295156239BA00C1320B /* Resources */,
			);
			buildRules = (
			);
			dependencies = (
			);
			name = HospitalBedManagement;
			productName = HospitalBedManagement;
			productReference = 6CF3B297156239BA00C1320B /* HospitalBedManagement.app */;
			productType = "com.apple.product-type.application";
		};
		6CF3B2B7156239BA00C1320B /* HospitalBedManagementTests */ = {
			isa = PBXNativeTarget;
			buildConfigurationList = 6CF3B2CD156239BA00C1320B /* Build configuration list for PBXNativeTarget "HospitalBedManagementTests" */;
			buildPhases = (
				6CF3B2B3156239BA00C1320B /* Sources */,
				6CF3B2B4156239BA00C1320B /* Frameworks */,
				6CF3B2B5156239BA00C1320B /* Resources */,
				6CF3B2B6156239BA00C1320B /* ShellScript */,
			);
			buildRules = (
			);
			dependencies = (
				6CF3B2BE156239BA00C1320B /* PBXTargetDependency */,
			);
			name = HospitalBedManagementTests;
			productName = HospitalBedManagementTests;
			productReference = 6CF3B2B8156239BA00C1320B /* HospitalBedManagementTests.octest */;
			productType = "com.apple.product-type.bundle";
		};
/* End PBXNativeTarget section */

/* Begin PBXProject section */
		6CF3B28E156239BA00C1320B /* Project object */ = {
			isa = PBXProject;
			attributes = {
				LastUpgradeCheck = 0420;
			};
			buildConfigurationList = 6CF3B291156239BA00C1320B /* Build configuration list for PBXProject "HospitalBedManagement" */;
			compatibilityVersion = "Xcode 3.2";
			developmentRegion = English;
			hasScannedForEncodings = 0;
			knownRegions = (
				en,
			);
			mainGroup = 6CF3B28C156239BA00C1320B;
			productRefGroup = 6CF3B298156239BA00C1320B /* Products */;
			projectDirPath = "";
			projectRoot = "";
			targets = (
				6CF3B296156239BA00C1320B /* HospitalBedManagement */,
				6CF3B2B7156239BA00C1320B /* HospitalBedManagementTests */,
			);
		};
/* End PBXProject section */

/* Begin PBXResourcesBuildPhase section */
		6CF3B295156239BA00C1320B /* Resources */ = {
			isa = PBXResourcesBuildPhase;
			buildActionMask = 2147483647;
			files = (
				6CF3B2A6156239BA00C1320B /* InfoPlist.strings in Resources */,
				6CF3B2B2156239BA00C1320B /* ViewController.xib in Resources */,
				6CF3B2D815623B0B00C1320B /* 1.jpg in Resources */,
				6CF3B343156257BA00C1320B /* HospitalBed.xib in Resources */,
				6CF3B34C15625EA100C1320B /* Patient.xib in Resources */,
				6C97139B15627840008BD7A0 /* PatientDetails.sqlite in Resources */,
				6CA058C3156399680060F37E /* BedStatus.sqlite in Resources */,
			);
			runOnlyForDeploymentPostprocessing = 0;
		};
		6CF3B2B5156239BA00C1320B /* Resources */ = {
			isa = PBXResourcesBuildPhase;
			buildActionMask = 2147483647;
			files = (
				6CF3B2C4156239BA00C1320B /* InfoPlist.strings in Resources */,
			);
			runOnlyForDeploymentPostprocessing = 0;
		};
/* End PBXResourcesBuildPhase section */

/* Begin PBXShellScriptBuildPhase section */
		6CF3B2B6156239BA00C1320B /* ShellScript */ = {
			isa = PBXShellScriptBuildPhase;
			buildActionMask = 2147483647;
			files = (
			);
			inputPaths = (
			);
			outputPaths = (
			);
			runOnlyForDeploymentPostprocessing = 0;
			shellPath = /bin/sh;
			shellScript = "# Run the unit tests in this test bundle.\n\"${SYSTEM_DEVELOPER_DIR}/Tools/RunUnitTests\"\n";
		};
/* End PBXShellScriptBuildPhase section */

/* Begin PBXSourcesBuildPhase section */
		6CF3B293156239BA00C1320B /* Sources */ = {
			isa = PBXSourcesBuildPhase;
			buildActionMask = 2147483647;
			files = (
				6CF3B2A8156239BA00C1320B /* main.m in Sources */,
				6CF3B2AC156239BA00C1320B /* AppDelegate.m in Sources */,
				6CF3B2AF156239BA00C1320B /* ViewController.m in Sources */,
				6CF3B342156257BA00C1320B /* HospitalBed.m in Sources */,
				6CF3B34B15625EA100C1320B /* Patient.m in Sources */,
			);
			runOnlyForDeploymentPostprocessing = 0;
		};
		6CF3B2B3156239BA00C1320B /* Sources */ = {
			isa = PBXSourcesBuildPhase;
			buildActionMask = 2147483647;
			files = (
				6CF3B2C7156239BA00C1320B /* HospitalBedManagementTests.m in Sources */,
			);
			runOnlyForDeploymentPostprocessing = 0;
		};
/* End PBXSourcesBuildPhase section */

/* Begin PBXTargetDependency section */
		6CF3B2BE156239BA00C1320B /* PBXTargetDependency */ = {
			isa = PBXTargetDependency;
			target = 6CF3B296156239BA00C1320B /* HospitalBedManagement */;
			targetProxy = 6CF3B2BD156239BA00C1320B /* PBXContainerItemProxy */;
		};
/* End PBXTargetDependency section */

/* Begin PBXVariantGroup section */
		6CF3B2A4156239BA00C1320B /* InfoPlist.strings */ = {
			isa = PBXVariantGroup;
			children = (
				6CF3B2A5156239BA00C1320B /* en */,
			);
			name = InfoPlist.strings;
			sourceTree = "<group>";
		};
		6CF3B2B0156239BA00C1320B /* ViewController.xib */ = {
			isa = PBXVariantGroup;
			children = (
				6CF3B2B1156239BA00C1320B /* en */,
			);
			name = ViewController.xib;
			sourceTree = "<group>";
		};
		6CF3B2C2156239BA00C1320B /* InfoPlist.strings */ = {
			isa = PBXVariantGroup;
			children = (
				6CF3B2C3156239BA00C1320B /* en */,
			);
			name = InfoPlist.strings;
			sourceTree = "<group>";
		};
/* End PBXVariantGroup section */

/* Begin XCBuildConfiguration section */
		6CF3B2C8156239BA00C1320B /* Debug */ = {
			isa = XCBuildConfiguration;
			buildSettings = {
				ALWAYS_SEARCH_USER_PATHS = NO;
				ARCHS = "$(ARCHS_STANDARD_32_BIT)";
				CLANG_ENABLE_OBJC_ARC = YES;
				"CODE_SIGN_IDENTITY[sdk=iphoneos*]" = "iPhone Developer";
				COPY_PHASE_STRIP = NO;
				GCC_C_LANGUAGE_STANDARD = gnu99;
				GCC_DYNAMIC_NO_PIC = NO;
				GCC_OPTIMIZATION_LEVEL = 0;
				GCC_PREPROCESSOR_DEFINITIONS = (
					"DEBUG=1",
					"$(inherited)",
				);
				GCC_SYMBOLS_PRIVATE_EXTERN = NO;
				GCC_VERSION = com.apple.compilers.llvm.clang.1_0;
				GCC_WARN_ABOUT_MISSING_PROTOTYPES = YES;
				GCC_WARN_ABOUT_RETURN_TYPE = YES;
				GCC_WARN_UNUSED_VARIABLE = YES;
				IPHONEOS_DEPLOYMENT_TARGET = 5.0;
				SDKROOT = iphoneos;
				TARGETED_DEVICE_FAMILY = 2;
			};
			name = Debug;
		};
		6CF3B2C9156239BA00C1320B /* Release */ = {
			isa = XCBuildConfiguration;
			buildSettings = {
				ALWAYS_SEARCH_USER_PATHS = NO;
				ARCHS = "$(ARCHS_STANDARD_32_BIT)";
				CLANG_ENABLE_OBJC_ARC = YES;
				"CODE_SIGN_IDENTITY[sdk=iphoneos*]" = "iPhone Developer";
				COPY_PHASE_STRIP = YES;
				GCC_C_LANGUAGE_STANDARD = gnu99;
				GCC_VERSION = com.apple.compilers.llvm.clang.1_0;
				GCC_WARN_ABOUT_MISSING_PROTOTYPES = YES;
				GCC_WARN_ABOUT_RETURN_TYPE = YES;
				GCC_WARN_UNUSED_VARIABLE = YES;
				IPHONEOS_DEPLOYMENT_TARGET = 5.0;
				OTHER_CFLAGS = "-DNS_BLOCK_ASSERTIONS=1";
				SDKROOT = iphoneos;
				TARGETED_DEVICE_FAMILY = 2;
				VALIDATE_PRODUCT = YES;
			};
			name = Release;
		};
		6CF3B2CB156239BA00C1320B /* Debug */ = {
			isa = XCBuildConfiguration;
			buildSettings = {
				GCC_PRECOMPILE_PREFIX_HEADER = YES;
				GCC_PREFIX_HEADER = "HospitalBedManagement/HospitalBedManagement-Prefix.pch";
				INFOPLIST_FILE = "HospitalBedManagement/HospitalBedManagement-Info.plist";
				PRODUCT_NAME = "$(TARGET_NAME)";
				WRAPPER_EXTENSION = app;
			};
			name = Debug;
		};
		6CF3B2CC156239BA00C1320B /* Release */ = {
			isa = XCBuildConfiguration;
			buildSettings = {
				GCC_PRECOMPILE_PREFIX_HEADER = YES;
				GCC_PREFIX_HEADER = "HospitalBedManagement/HospitalBedManagement-Prefix.pch";
				INFOPLIST_FILE = "HospitalBedManagement/HospitalBedManagement-Info.plist";
				PRODUCT_NAME = "$(TARGET_NAME)";
				WRAPPER_EXTENSION = app;
			};
			name = Release;
		};
		6CF3B2CE156239BA00C1320B /* Debug */ = {
			isa = XCBuildConfiguration;
			buildSettings = {
				BUNDLE_LOADER = "$(BUILT_PRODUCTS_DIR)/HospitalBedManagement.app/HospitalBedManagement";
				FRAMEWORK_SEARCH_PATHS = (
					"$(SDKROOT)/Developer/Library/Frameworks",
					"$(DEVELOPER_LIBRARY_DIR)/Frameworks",
				);
				GCC_PRECOMPILE_PREFIX_HEADER = YES;
				GCC_PREFIX_HEADER = "HospitalBedManagement/HospitalBedManagement-Prefix.pch";
				INFOPLIST_FILE = "HospitalBedManagementTests/HospitalBedManagementTests-Info.plist";
				PRODUCT_NAME = "$(TARGET_NAME)";
				TEST_HOST = "$(BUNDLE_LOADER)";
				WRAPPER_EXTENSION = octest;
			};
			name = Debug;
		};
		6CF3B2CF156239BA00C1320B /* Release */ = {
			isa = XCBuildConfiguration;
			buildSettings = {
				BUNDLE_LOADER = "$(BUILT_PRODUCTS_DIR)/HospitalBedManagement.app/HospitalBedManagement";
				FRAMEWORK_SEARCH_PATHS = (
					"$(SDKROOT)/Developer/Library/Frameworks",
					"$(DEVELOPER_LIBRARY_DIR)/Frameworks",
				);
				GCC_PRECOMPILE_PREFIX_HEADER = YES;
				GCC_PREFIX_HEADER = "HospitalBedManagement/HospitalBedManagement-Prefix.pch";
				INFOPLIST_FILE = "HospitalBedManagementTests/HospitalBedManagementTests-Info.plist";
				PRODUCT_NAME = "$(TARGET_NAME)";
				TEST_HOST = "$(BUNDLE_LOADER)";
				WRAPPER_EXTENSION = octest;
			};
			name = Release;
		};
/* End XCBuildConfiguration section */

/* Begin XCConfigurationList section */
		6CF3B291156239BA00C1320B /* Build configuration list for PBXProject "HospitalBedManagement" */ = {
			isa = XCConfigurationList;
			buildConfigurations = (
				6CF3B2C8156239BA00C1320B /* Debug */,
				6CF3B2C9156239BA00C1320B /* Release */,
			);
			defaultConfigurationIsVisible = 0;
			defaultConfigurationName = Release;
		};
		6CF3B2CA156239BA00C1320B /* Build configuration list for PBXNativeTarget "HospitalBedManagement" */ = {
			isa = XCConfigurationList;
			buildConfigurations = (
				6CF3B2CB156239BA00C1320B /* Debug */,
				6CF3B2CC156239BA00C1320B /* Release */,
			);
			defaultConfigurationIsVisible = 0;
			defaultConfigurationName = Release;
		};
		6CF3B2CD156239BA00C1320B /* Build configuration list for PBXNativeTarget "HospitalBedManagementTests" */ = {
			isa = XCConfigurationList;
			buildConfigurations = (
				6CF3B2CE156239BA00C1320B /* Debug */,
				6CF3B2CF156239BA00C1320B /* Release */,
			);
			defaultConfigurationIsVisible = 0;
			defaultConfigurationName = Release;
		};
/* End XCConfigurationList section */
	};
	rootObject = 6CF3B28E156239BA00C1320B /* Project object */;
}
